// !$*UTF8*$!
{
	archiveVersion = 1;
	classes = {
	};
	objectVersion = 46;
	objects = {

/* Begin PBXBuildFile section */
		91356ACA1C1A9E2B00FA307C /* testing.cpp in Sources */ = {isa = PBXBuildFile; fileRef = 91356AC81C1A9E2B00FA307C /* testing.cpp */; };
		9179B1081C1AA18A00099A99 /* switches.cpp in Sources */ = {isa = PBXBuildFile; fileRef = 9179B1061C1AA18A00099A99 /* switches.cpp */; };
		91AED4881C1A9446002BB857 /* main.cpp in Sources */ = {isa = PBXBuildFile; fileRef = 91AED4871C1A9446002BB857 /* main.cpp */; };
		91AED4901C1A945B002BB857 /* snd.cpp in Sources */ = {isa = PBXBuildFile; fileRef = 91AED48E1C1A945B002BB857 /* snd.cpp */; };
		91AED4931C1A96AA002BB857 /* flip.cpp in Sources */ = {isa = PBXBuildFile; fileRef = 91AED4911C1A96AA002BB857 /* flip.cpp */; };
		91DE848C1C1A9769000678FD /* sndcat.cpp in Sources */ = {isa = PBXBuildFile; fileRef = 91DE848A1C1A9769000678FD /* sndcat.cpp */; };
		91DE84951C1A99F0000678FD /* sndmix.cpp in Sources */ = {isa = PBXBuildFile; fileRef = 91DE84931C1A99F0000678FD /* sndmix.cpp */; };
/* End PBXBuildFile section */

/* Begin PBXCopyFilesBuildPhase section */
		91AED4821C1A9446002BB857 /* CopyFiles */ = {
			isa = PBXCopyFilesBuildPhase;
			buildActionMask = 2147483647;
			dstPath = /usr/share/man/man1/;
			dstSubfolderSpec = 0;
			files = (
			);
			runOnlyForDeploymentPostprocessing = 1;
		};
/* End PBXCopyFilesBuildPhase section */

/* Begin PBXFileReference section */
		91356AC81C1A9E2B00FA307C /* testing.cpp */ = {isa = PBXFileReference; fileEncoding = 4; lastKnownFileType = sourcecode.cpp.cpp; path = testing.cpp; sourceTree = "<group>"; };
		91356AC91C1A9E2B00FA307C /* testing.hpp */ = {isa = PBXFileReference; fileEncoding = 4; lastKnownFileType = sourcecode.cpp.h; path = testing.hpp; sourceTree = "<group>"; };
		9179B1061C1AA18A00099A99 /* switches.cpp */ = {isa = PBXFileReference; fileEncoding = 4; lastKnownFileType = sourcecode.cpp.cpp; path = switches.cpp; sourceTree = "<group>"; };
		9179B1071C1AA18A00099A99 /* switches.hpp */ = {isa = PBXFileReference; fileEncoding = 4; lastKnownFileType = sourcecode.cpp.h; path = switches.hpp; sourceTree = "<group>"; };
		91AED4841C1A9446002BB857 /* Assignment04 */ = {isa = PBXFileReference; explicitFileType = "compiled.mach-o.executable"; includeInIndex = 0; path = Assignment04; sourceTree = BUILT_PRODUCTS_DIR; };
		91AED4871C1A9446002BB857 /* main.cpp */ = {isa = PBXFileReference; lastKnownFileType = sourcecode.cpp.cpp; path = main.cpp; sourceTree = "<group>"; };
		91AED48E1C1A945B002BB857 /* snd.cpp */ = {isa = PBXFileReference; fileEncoding = 4; lastKnownFileType = sourcecode.cpp.cpp; path = snd.cpp; sourceTree = "<group>"; };
		91AED48F1C1A945B002BB857 /* snd.hpp */ = {isa = PBXFileReference; fileEncoding = 4; lastKnownFileType = sourcecode.cpp.h; path = snd.hpp; sourceTree = "<group>"; };
		91AED4911C1A96AA002BB857 /* flip.cpp */ = {isa = PBXFileReference; fileEncoding = 4; lastKnownFileType = sourcecode.cpp.cpp; path = flip.cpp; sourceTree = "<group>"; };
		91DE848A1C1A9769000678FD /* sndcat.cpp */ = {isa = PBXFileReference; fileEncoding = 4; lastKnownFileType = sourcecode.cpp.cpp; path = sndcat.cpp; sourceTree = "<group>"; };
		91DE84911C1A980B000678FD /* all.hpp */ = {isa = PBXFileReference; fileEncoding = 4; lastKnownFileType = sourcecode.cpp.h; path = all.hpp; sourceTree = "<group>"; };
		91DE84931C1A99F0000678FD /* sndmix.cpp */ = {isa = PBXFileReference; fileEncoding = 4; lastKnownFileType = sourcecode.cpp.cpp; path = sndmix.cpp; sourceTree = "<group>"; };
		91DE84941C1A99F0000678FD /* sndmix.hpp */ = {isa = PBXFileReference; fileEncoding = 4; lastKnownFileType = sourcecode.cpp.h; path = sndmix.hpp; sourceTree = "<group>"; };
		91DE84961C1A9A39000678FD /* sndcat.hpp */ = {isa = PBXFileReference; lastKnownFileType = sourcecode.cpp.h; path = sndcat.hpp; sourceTree = "<group>"; };
/* End PBXFileReference section */

/* Begin PBXFrameworksBuildPhase section */
		91AED4811C1A9446002BB857 /* Frameworks */ = {
			isa = PBXFrameworksBuildPhase;
			buildActionMask = 2147483647;
			files = (
			);
			runOnlyForDeploymentPostprocessing = 0;
		};
/* End PBXFrameworksBuildPhase section */

/* Begin PBXGroup section */
		91AED47B1C1A9446002BB857 = {
			isa = PBXGroup;
			children = (
				91AED4861C1A9446002BB857 /* Assignment04 */,
				91AED4851C1A9446002BB857 /* Products */,
			);
			sourceTree = "<group>";
		};
		91AED4851C1A9446002BB857 /* Products */ = {
			isa = PBXGroup;
			children = (
				91AED4841C1A9446002BB857 /* Assignment04 */,
			);
			name = Products;
			sourceTree = "<group>";
		};
		91AED4861C1A9446002BB857 /* Assignment04 */ = {
			isa = PBXGroup;
			children = (
				91AED4871C1A9446002BB857 /* main.cpp */,
				91AED48E1C1A945B002BB857 /* snd.cpp */,
				91DE848A1C1A9769000678FD /* sndcat.cpp */,
				91DE84961C1A9A39000678FD /* sndcat.hpp */,
				91AED48F1C1A945B002BB857 /* snd.hpp */,
				91AED4911C1A96AA002BB857 /* flip.cpp */,
				91DE84911C1A980B000678FD /* all.hpp */,
				91356AC81C1A9E2B00FA307C /* testing.cpp */,
				9179B1061C1AA18A00099A99 /* switches.cpp */,
				9179B1071C1AA18A00099A99 /* switches.hpp */,
				91356AC91C1A9E2B00FA307C /* testing.hpp */,
				91DE84931C1A99F0000678FD /* sndmix.cpp */,
				91DE84941C1A99F0000678FD /* sndmix.hpp */,
			);
			path = Assignment04;
			sourceTree = "<group>";
		};
/* End PBXGroup section */

/* Begin PBXNativeTarget section */
		91AED4831C1A9446002BB857 /* Assignment04 */ = {
			isa = PBXNativeTarget;
			buildConfigurationList = 91AED48B1C1A9446002BB857 /* Build configuration list for PBXNativeTarget "Assignment04" */;
			buildPhases = (
				91AED4801C1A9446002BB857 /* Sources */,
				91AED4811C1A9446002BB857 /* Frameworks */,
				91AED4821C1A9446002BB857 /* CopyFiles */,
			);
			buildRules = (
			);
			dependencies = (
			);
			name = Assignment04;
			productName = Assignment04;
			productReference = 91AED4841C1A9446002BB857 /* Assignment04 */;
			productType = "com.apple.product-type.tool";
		};
/* End PBXNativeTarget section */

/* Begin PBXProject section */
		91AED47C1C1A9446002BB857 /* Project object */ = {
			isa = PBXProject;
			attributes = {
				LastUpgradeCheck = 0710;
				ORGANIZATIONNAME = "Jay Patel";
				TargetAttributes = {
					91AED4831C1A9446002BB857 = {
						CreatedOnToolsVersion = 7.1.1;
					};
				};
			};
			buildConfigurationList = 91AED47F1C1A9446002BB857 /* Build configuration list for PBXProject "Assignment04" */;
			compatibilityVersion = "Xcode 3.2";
			developmentRegion = English;
			hasScannedForEncodings = 0;
			knownRegions = (
				en,
			);
			mainGroup = 91AED47B1C1A9446002BB857;
			productRefGroup = 91AED4851C1A9446002BB857 /* Products */;
			projectDirPath = "";
			projectRoot = "";
			targets = (
				91AED4831C1A9446002BB857 /* Assignment04 */,
			);
		};
/* End PBXProject section */

/* Begin PBXSourcesBuildPhase section */
		91AED4801C1A9446002BB857 /* Sources */ = {
			isa = PBXSourcesBuildPhase;
			buildActionMask = 2147483647;
			files = (
				91DE848C1C1A9769000678FD /* sndcat.cpp in Sources */,
				91AED4881C1A9446002BB857 /* main.cpp in Sources */,
				91356ACA1C1A9E2B00FA307C /* testing.cpp in Sources */,
				91DE84951C1A99F0000678FD /* sndmix.cpp in Sources */,
				91AED4901C1A945B002BB857 /* snd.cpp in Sources */,
				9179B1081C1AA18A00099A99 /* switches.cpp in Sources */,
				91AED4931C1A96AA002BB857 /* flip.cpp in Sources */,
			);
			runOnlyForDeploymentPostprocessing = 0;
		};
/* End PBXSourcesBuildPhase section */

/* Begin XCBuildConfiguration section */
		91AED4891C1A9446002BB857 /* Debug */ = {
			isa = XCBuildConfiguration;
			buildSettings = {
				ALWAYS_SEARCH_USER_PATHS = NO;
				CLANG_CXX_LANGUAGE_STANDARD = "gnu++0x";
				CLANG_CXX_LIBRARY = "libc++";
				CLANG_ENABLE_MODULES = YES;
				CLANG_ENABLE_OBJC_ARC = YES;
				CLANG_WARN_BOOL_CONVERSION = YES;
				CLANG_WARN_CONSTANT_CONVERSION = YES;
				CLANG_WARN_DIRECT_OBJC_ISA_USAGE = YES_ERROR;
				CLANG_WARN_EMPTY_BODY = YES;
				CLANG_WARN_ENUM_CONVERSION = YES;
				CLANG_WARN_INT_CONVERSION = YES;
				CLANG_WARN_OBJC_ROOT_CLASS = YES_ERROR;
				CLANG_WARN_UNREACHABLE_CODE = YES;
				CLANG_WARN__DUPLICATE_METHOD_MATCH = YES;
				CODE_SIGN_IDENTITY = "-";
				COPY_PHASE_STRIP = NO;
				DEBUG_INFORMATION_FORMAT = dwarf;
				ENABLE_STRICT_OBJC_MSGSEND = YES;
				ENABLE_TESTABILITY = YES;
				GCC_C_LANGUAGE_STANDARD = gnu99;
				GCC_DYNAMIC_NO_PIC = NO;
				GCC_NO_COMMON_BLOCKS = YES;
				GCC_OPTIMIZATION_LEVEL = 0;
				GCC_PREPROCESSOR_DEFINITIONS = (
					"DEBUG=1",
					"$(inherited)",
				);
				GCC_WARN_64_TO_32_BIT_CONVERSION = YES;
				GCC_WARN_ABOUT_RETURN_TYPE = YES_ERROR;
				GCC_WARN_UNDECLARED_SELECTOR = YES;
				GCC_WARN_UNINITIALIZED_AUTOS = YES_AGGRESSIVE;
				GCC_WARN_UNUSED_FUNCTION = YES;
				GCC_WARN_UNUSED_VARIABLE = YES;
				MACOSX_DEPLOYMENT_TARGET = 10.11;
				MTL_ENABLE_DEBUG_INFO = YES;
				ONLY_ACTIVE_ARCH = YES;
				SDKROOT = macosx;
			};
			name = Debug;
		};
		91AED48A1C1A9446002BB857 /* Release */ = {
			isa = XCBuildConfiguration;
			buildSettings = {
				ALWAYS_SEARCH_USER_PATHS = NO;
				CLANG_CXX_LANGUAGE_STANDARD = "gnu++0x";
				CLANG_CXX_LIBRARY = "libc++";
				CLANG_ENABLE_MODULES = YES;
				CLANG_ENABLE_OBJC_ARC = YES;
				CLANG_WARN_BOOL_CONVERSION = YES;
				CLANG_WARN_CONSTANT_CONVERSION = YES;
				CLANG_WARN_DIRECT_OBJC_ISA_USAGE = YES_ERROR;
				CLANG_WARN_EMPTY_BODY = YES;
				CLANG_WARN_ENUM_CONVERSION = YES;
				CLANG_WARN_INT_CONVERSION = YES;
				CLANG_WARN_OBJC_ROOT_CLASS = YES_ERROR;
				CLANG_WARN_UNREACHABLE_CODE = YES;
				CLANG_WARN__DUPLICATE_METHOD_MATCH = YES;
				CODE_SIGN_IDENTITY = "-";
				COPY_PHASE_STRIP = NO;
				DEBUG_INFORMATION_FORMAT = "dwarf-with-dsym";
				ENABLE_NS_ASSERTIONS = NO;
				ENABLE_STRICT_OBJC_MSGSEND = YES;
				GCC_C_LANGUAGE_STANDARD = gnu99;
				GCC_NO_COMMON_BLOCKS = YES;
				GCC_WARN_64_TO_32_BIT_CONVERSION = YES;
				GCC_WARN_ABOUT_RETURN_TYPE = YES_ERROR;
				GCC_WARN_UNDECLARED_SELECTOR = YES;
				GCC_WARN_UNINITIALIZED_AUTOS = YES_AGGRESSIVE;
				GCC_WARN_UNUSED_FUNCTION = YES;
				GCC_WARN_UNUSED_VARIABLE = YES;
				MACOSX_DEPLOYMENT_TARGET = 10.11;
				MTL_ENABLE_DEBUG_INFO = NO;
				SDKROOT = macosx;
			};
			name = Release;
		};
		91AED48C1C1A9446002BB857 /* Debug */ = {
			isa = XCBuildConfiguration;
			buildSettings = {
				PRODUCT_NAME = "$(TARGET_NAME)";
			};
			name = Debug;
		};
		91AED48D1C1A9446002BB857 /* Release */ = {
			isa = XCBuildConfiguration;
			buildSettings = {
				PRODUCT_NAME = "$(TARGET_NAME)";
			};
			name = Release;
		};
/* End XCBuildConfiguration section */

/* Begin XCConfigurationList section */
		91AED47F1C1A9446002BB857 /* Build configuration list for PBXProject "Assignment04" */ = {
			isa = XCConfigurationList;
			buildConfigurations = (
				91AED4891C1A9446002BB857 /* Debug */,
				91AED48A1C1A9446002BB857 /* Release */,
			);
			defaultConfigurationIsVisible = 0;
			defaultConfigurationName = Release;
		};
		91AED48B1C1A9446002BB857 /* Build configuration list for PBXNativeTarget "Assignment04" */ = {
			isa = XCConfigurationList;
			buildConfigurations = (
				91AED48C1C1A9446002BB857 /* Debug */,
				91AED48D1C1A9446002BB857 /* Release */,
			);
			defaultConfigurationIsVisible = 0;
			defaultConfigurationName = Release;
		};
/* End XCConfigurationList section */
	};
	rootObject = 91AED47C1C1A9446002BB857 /* Project object */;
}
