// !$*UTF8*$!
{
	archiveVersion = 1;
	classes = {
	};
	objectVersion = 46;
	objects = {

/* Begin PBXBuildFile section */
		910B18FE1BD8921500AF97C4 /* testformat.c in Sources */ = {isa = PBXBuildFile; fileRef = 910B18FC1BD8921500AF97C4 /* testformat.c */; };
		910B19011BD8923D00AF97C4 /* weatherio.c in Sources */ = {isa = PBXBuildFile; fileRef = 910B18FF1BD8923D00AF97C4 /* weatherio.c */; };
		9147E7AD1C2B92E200E2E4D9 /* weatherio2.c in Sources */ = {isa = PBXBuildFile; fileRef = 9147E7AB1C2B92E100E2E4D9 /* weatherio2.c */; };
/* End PBXBuildFile section */

/* Begin PBXCopyFilesBuildPhase section */
		910B18F01BD891EC00AF97C4 /* CopyFiles */ = {
			isa = PBXCopyFilesBuildPhase;
			buildActionMask = 2147483647;
			dstPath = /usr/share/man/man1/;
			dstSubfolderSpec = 0;
			files = (
			);
			runOnlyForDeploymentPostprocessing = 1;
		};
/* End PBXCopyFilesBuildPhase section */

/* Begin PBXFileReference section */
		910B18F21BD891EC00AF97C4 /* Homework2 */ = {isa = PBXFileReference; explicitFileType = "compiled.mach-o.executable"; includeInIndex = 0; path = Homework2; sourceTree = BUILT_PRODUCTS_DIR; };
		910B18FC1BD8921500AF97C4 /* testformat.c */ = {isa = PBXFileReference; fileEncoding = 4; lastKnownFileType = sourcecode.c.c; path = testformat.c; sourceTree = "<group>"; };
		910B18FF1BD8923D00AF97C4 /* weatherio.c */ = {isa = PBXFileReference; fileEncoding = 4; lastKnownFileType = sourcecode.c.c; path = weatherio.c; sourceTree = "<group>"; };
		910B19001BD8923D00AF97C4 /* weatherio.h */ = {isa = PBXFileReference; fileEncoding = 4; lastKnownFileType = sourcecode.c.h; path = weatherio.h; sourceTree = "<group>"; };
		9147E7AB1C2B92E100E2E4D9 /* weatherio2.c */ = {isa = PBXFileReference; fileEncoding = 4; lastKnownFileType = sourcecode.c.c; path = weatherio2.c; sourceTree = "<group>"; };
		9147E7AC1C2B92E200E2E4D9 /* weatherio2.h */ = {isa = PBXFileReference; fileEncoding = 4; lastKnownFileType = sourcecode.c.h; path = weatherio2.h; sourceTree = "<group>"; };
/* End PBXFileReference section */

/* Begin PBXFrameworksBuildPhase section */
		910B18EF1BD891EC00AF97C4 /* Frameworks */ = {
			isa = PBXFrameworksBuildPhase;
			buildActionMask = 2147483647;
			files = (
			);
			runOnlyForDeploymentPostprocessing = 0;
		};
/* End PBXFrameworksBuildPhase section */

/* Begin PBXGroup section */
		910B18E91BD891EB00AF97C4 = {
			isa = PBXGroup;
			children = (
				910B18F41BD891EC00AF97C4 /* Homework2 */,
				910B18F31BD891EC00AF97C4 /* Products */,
			);
			sourceTree = "<group>";
		};
		910B18F31BD891EC00AF97C4 /* Products */ = {
			isa = PBXGroup;
			children = (
				910B18F21BD891EC00AF97C4 /* Homework2 */,
			);
			name = Products;
			sourceTree = "<group>";
		};
		910B18F41BD891EC00AF97C4 /* Homework2 */ = {
			isa = PBXGroup;
			children = (
				910B18FC1BD8921500AF97C4 /* testformat.c */,
				9147E7AB1C2B92E100E2E4D9 /* weatherio2.c */,
				9147E7AC1C2B92E200E2E4D9 /* weatherio2.h */,
				910B18FF1BD8923D00AF97C4 /* weatherio.c */,
				910B19001BD8923D00AF97C4 /* weatherio.h */,
			);
			path = Homework2;
			sourceTree = "<group>";
		};
/* End PBXGroup section */

/* Begin PBXNativeTarget section */
		910B18F11BD891EC00AF97C4 /* Homework2 */ = {
			isa = PBXNativeTarget;
			buildConfigurationList = 910B18F91BD891EC00AF97C4 /* Build configuration list for PBXNativeTarget "Homework2" */;
			buildPhases = (
				910B18EE1BD891EC00AF97C4 /* Sources */,
				910B18EF1BD891EC00AF97C4 /* Frameworks */,
				910B18F01BD891EC00AF97C4 /* CopyFiles */,
			);
			buildRules = (
			);
			dependencies = (
			);
			name = Homework2;
			productName = Homework2;
			productReference = 910B18F21BD891EC00AF97C4 /* Homework2 */;
			productType = "com.apple.product-type.tool";
		};
/* End PBXNativeTarget section */

/* Begin PBXProject section */
		910B18EA1BD891EB00AF97C4 /* Project object */ = {
			isa = PBXProject;
			attributes = {
				LastUpgradeCheck = 0710;
				ORGANIZATIONNAME = "Jay Patel";
				TargetAttributes = {
					910B18F11BD891EC00AF97C4 = {
						CreatedOnToolsVersion = 7.1;
					};
				};
			};
			buildConfigurationList = 910B18ED1BD891EB00AF97C4 /* Build configuration list for PBXProject "Homework2" */;
			compatibilityVersion = "Xcode 3.2";
			developmentRegion = English;
			hasScannedForEncodings = 0;
			knownRegions = (
				en,
			);
			mainGroup = 910B18E91BD891EB00AF97C4;
			productRefGroup = 910B18F31BD891EC00AF97C4 /* Products */;
			projectDirPath = "";
			projectRoot = "";
			targets = (
				910B18F11BD891EC00AF97C4 /* Homework2 */,
			);
		};
/* End PBXProject section */

/* Begin PBXSourcesBuildPhase section */
		910B18EE1BD891EC00AF97C4 /* Sources */ = {
			isa = PBXSourcesBuildPhase;
			buildActionMask = 2147483647;
			files = (
				9147E7AD1C2B92E200E2E4D9 /* weatherio2.c in Sources */,
				910B19011BD8923D00AF97C4 /* weatherio.c in Sources */,
				910B18FE1BD8921500AF97C4 /* testformat.c in Sources */,
			);
			runOnlyForDeploymentPostprocessing = 0;
		};
/* End PBXSourcesBuildPhase section */

/* Begin XCBuildConfiguration section */
		910B18F71BD891EC00AF97C4 /* Debug */ = {
			isa = XCBuildConfiguration;
			buildSettings = {
				ALWAYS_SEARCH_USER_PATHS = NO;
				CLANG_CXX_LANGUAGE_STANDARD = "gnu++0x";
				CLANG_CXX_LIBRARY = "libc++";
				CLANG_ENABLE_MODULES = YES;
				CLANG_ENABLE_OBJC_ARC = YES;
				CLANG_WARN_BOOL_CONVERSION = YES;
				CLANG_WARN_CONSTANT_CONVERSION = YES;
				CLANG_WARN_DIRECT_OBJC_ISA_USAGE = YES_ERROR;
				CLANG_WARN_EMPTY_BODY = YES;
				CLANG_WARN_ENUM_CONVERSION = YES;
				CLANG_WARN_INT_CONVERSION = YES;
				CLANG_WARN_OBJC_ROOT_CLASS = YES_ERROR;
				CLANG_WARN_UNREACHABLE_CODE = YES;
				CLANG_WARN__DUPLICATE_METHOD_MATCH = YES;
				CODE_SIGN_IDENTITY = "-";
				COPY_PHASE_STRIP = NO;
				DEBUG_INFORMATION_FORMAT = dwarf;
				ENABLE_STRICT_OBJC_MSGSEND = YES;
				ENABLE_TESTABILITY = YES;
				GCC_C_LANGUAGE_STANDARD = gnu99;
				GCC_DYNAMIC_NO_PIC = NO;
				GCC_NO_COMMON_BLOCKS = YES;
				GCC_OPTIMIZATION_LEVEL = 0;
				GCC_PREPROCESSOR_DEFINITIONS = (
					"DEBUG=1",
					"$(inherited)",
				);
				GCC_WARN_64_TO_32_BIT_CONVERSION = YES;
				GCC_WARN_ABOUT_RETURN_TYPE = YES_ERROR;
				GCC_WARN_UNDECLARED_SELECTOR = YES;
				GCC_WARN_UNINITIALIZED_AUTOS = YES_AGGRESSIVE;
				GCC_WARN_UNUSED_FUNCTION = YES;
				GCC_WARN_UNUSED_VARIABLE = YES;
				MACOSX_DEPLOYMENT_TARGET = 10.11;
				MTL_ENABLE_DEBUG_INFO = YES;
				ONLY_ACTIVE_ARCH = YES;
				SDKROOT = macosx;
			};
			name = Debug;
		};
		910B18F81BD891EC00AF97C4 /* Release */ = {
			isa = XCBuildConfiguration;
			buildSettings = {
				ALWAYS_SEARCH_USER_PATHS = NO;
				CLANG_CXX_LANGUAGE_STANDARD = "gnu++0x";
				CLANG_CXX_LIBRARY = "libc++";
				CLANG_ENABLE_MODULES = YES;
				CLANG_ENABLE_OBJC_ARC = YES;
				CLANG_WARN_BOOL_CONVERSION = YES;
				CLANG_WARN_CONSTANT_CONVERSION = YES;
				CLANG_WARN_DIRECT_OBJC_ISA_USAGE = YES_ERROR;
				CLANG_WARN_EMPTY_BODY = YES;
				CLANG_WARN_ENUM_CONVERSION = YES;
				CLANG_WARN_INT_CONVERSION = YES;
				CLANG_WARN_OBJC_ROOT_CLASS = YES_ERROR;
				CLANG_WARN_UNREACHABLE_CODE = YES;
				CLANG_WARN__DUPLICATE_METHOD_MATCH = YES;
				CODE_SIGN_IDENTITY = "-";
				COPY_PHASE_STRIP = NO;
				DEBUG_INFORMATION_FORMAT = "dwarf-with-dsym";
				ENABLE_NS_ASSERTIONS = NO;
				ENABLE_STRICT_OBJC_MSGSEND = YES;
				GCC_C_LANGUAGE_STANDARD = gnu99;
				GCC_NO_COMMON_BLOCKS = YES;
				GCC_WARN_64_TO_32_BIT_CONVERSION = YES;
				GCC_WARN_ABOUT_RETURN_TYPE = YES_ERROR;
				GCC_WARN_UNDECLARED_SELECTOR = YES;
				GCC_WARN_UNINITIALIZED_AUTOS = YES_AGGRESSIVE;
				GCC_WARN_UNUSED_FUNCTION = YES;
				GCC_WARN_UNUSED_VARIABLE = YES;
				MACOSX_DEPLOYMENT_TARGET = 10.11;
				MTL_ENABLE_DEBUG_INFO = NO;
				SDKROOT = macosx;
			};
			name = Release;
		};
		910B18FA1BD891EC00AF97C4 /* Debug */ = {
			isa = XCBuildConfiguration;
			buildSettings = {
				PRODUCT_NAME = "$(TARGET_NAME)";
			};
			name = Debug;
		};
		910B18FB1BD891EC00AF97C4 /* Release */ = {
			isa = XCBuildConfiguration;
			buildSettings = {
				PRODUCT_NAME = "$(TARGET_NAME)";
			};
			name = Release;
		};
/* End XCBuildConfiguration section */

/* Begin XCConfigurationList section */
		910B18ED1BD891EB00AF97C4 /* Build configuration list for PBXProject "Homework2" */ = {
			isa = XCConfigurationList;
			buildConfigurations = (
				910B18F71BD891EC00AF97C4 /* Debug */,
				910B18F81BD891EC00AF97C4 /* Release */,
			);
			defaultConfigurationIsVisible = 0;
			defaultConfigurationName = Release;
		};
		910B18F91BD891EC00AF97C4 /* Build configuration list for PBXNativeTarget "Homework2" */ = {
			isa = XCConfigurationList;
			buildConfigurations = (
				910B18FA1BD891EC00AF97C4 /* Debug */,
				910B18FB1BD891EC00AF97C4 /* Release */,
			);
			defaultConfigurationIsVisible = 0;
			defaultConfigurationName = Release;
		};
/* End XCConfigurationList section */
	};
	rootObject = 910B18EA1BD891EB00AF97C4 /* Project object */;
}
